
Microsoft Visual Studio Solution File, Format Version 12.00
# Visual Studio Version 17
VisualStudioVersion = 17.0.31903.59
MinimumVisualStudioVersion = 10.0.40219.1
Project("{FAE04EC0-301F-11D3-BF4B-00C04F79EFBC}") = "DataTypeServices", "DataTypeServices\DataTypeServices.csproj", "{A1B2C3D4-E5F6-7890-ABCD-EF1234567890}"
EndProject
Project("{FAE04EC0-301F-11D3-BF4B-00C04F79EFBC}") = "FhirCore", "FhirCore\FhirCore.csproj", "{F73B8058-C649-48E7-8DB6-769364AB55FE}"
EndProject
Project("{FAE04EC0-301F-11D3-BF4B-00C04F79EFBC}") = "ResourceTypeServices", "ResourceTypeServices\ResourceTypeServices.csproj", "{7B80B405-3FAF-4930-AD4C-5E107990945C}"
EndProject
Project("{FAE04EC0-301F-11D3-BF4B-00C04F79EFBC}") = "TerminologyService", "TerminologyService\TerminologyService.csproj", "{6DC6EDAE-B08A-4F69-9FFA-1C1A6A01396B}"
EndProject
Project("{FAE04EC0-301F-11D3-BF4B-00C04F79EFBC}") = "DataTypeServices.Tests", "DataTypeServices.Tests\DataTypeServices.Tests.csproj", "{0BEA3AAC-4A0F-459E-816A-6641B6F39F31}"
EndProject
Project("{2150E333-8FDC-42A3-9474-1A3956D46DE8}") = "Docs", "Docs", "{02EA681E-C7D8-13C7-8484-4AC65E1B71E8}"
	ProjectSection(SolutionItems) = preProject
		docs\遷移指南.md = docs\遷移指南.md
	EndProjectSection
EndProject
Project("{2150E333-8FDC-42A3-9474-1A3956D46DE8}") = "Definitions", "Definitions", "{6E24A2A9-E2D0-4276-8997-E95A875C6523}"
EndProject
Project("{2150E333-8FDC-42A3-9474-1A3956D46DE8}") = "R5", "R5", "{537B2EBB-0E0A-458C-A794-22743E4B6E83}"
	ProjectSection(SolutionItems) = preProject
		Definitions\R5\definitions.json.zip = Definitions\R5\definitions.json.zip
	EndProjectSection
EndProject
Project("{2150E333-8FDC-42A3-9474-1A3956D46DE8}") = "R4", "R4", "{0365DDEE-ED9A-44FD-96AF-7BB835FB3ABD}"
	ProjectSection(SolutionItems) = preProject
		Definitions\R4\definitions.json.zip = Definitions\R4\definitions.json.zip
	EndProjectSection
EndProject
Project("{FAE04EC0-301F-11D3-BF4B-00C04F79EFBC}") = "CodeGen", "tools\CodeGen\CodeGen.csproj", "{6A9C1B62-8E2F-4B01-AE95-8E5A2E97F2D0}"
EndProject
Project("{FAE04EC0-301F-11D3-BF4B-00C04F79EFBC}") = "FhirSDK.Resources.R5", "FhirSDK.Resources.R5\FhirSDK.Resources.R5.csproj", "{7E6E0C55-9B43-4A90-8A8A-4D4E5C6F12A1}"
EndProject
Project("{FAE04EC0-301F-11D3-BF4B-00C04F79EFBC}") = "FhirSDK.Resources.R4", "FhirSDK.Resources.R4\FhirSDK.Resources.R4.csproj", "{2C5E2C42-2F64-4E31-9D37-3D6C4D3C2B77}"
EndProject
Project("{FAE04EC0-301F-11D3-BF4B-00C04F79EFBC}") = "FhirSDK.Resources.R5.Tests", "FhirSDK.Resources.R5.Tests\FhirSDK.Resources.R5.Tests.csproj", "{666019D1-C169-4FEA-85FC-1268F174BC35}"
EndProject
Global
	GlobalSection(SolutionConfigurationPlatforms) = preSolution
		Debug|Any CPU = Debug|Any CPU
		Debug|x64 = Debug|x64
		Debug|x86 = Debug|x86
		Release|Any CPU = Release|Any CPU
		Release|x64 = Release|x64
		Release|x86 = Release|x86
	EndGlobalSection
	GlobalSection(ProjectConfigurationPlatforms) = postSolution
		{A1B2C3D4-E5F6-7890-ABCD-EF1234567890}.Debug|Any CPU.ActiveCfg = Debug|Any CPU
		{A1B2C3D4-E5F6-7890-ABCD-EF1234567890}.Debug|Any CPU.Build.0 = Debug|Any CPU
		{A1B2C3D4-E5F6-7890-ABCD-EF1234567890}.Debug|x64.ActiveCfg = Debug|Any CPU
		{A1B2C3D4-E5F6-7890-ABCD-EF1234567890}.Debug|x64.Build.0 = Debug|Any CPU
		{A1B2C3D4-E5F6-7890-ABCD-EF1234567890}.Debug|x86.ActiveCfg = Debug|Any CPU
		{A1B2C3D4-E5F6-7890-ABCD-EF1234567890}.Debug|x86.Build.0 = Debug|Any CPU
		{A1B2C3D4-E5F6-7890-ABCD-EF1234567890}.Release|Any CPU.ActiveCfg = Release|Any CPU
		{A1B2C3D4-E5F6-7890-ABCD-EF1234567890}.Release|Any CPU.Build.0 = Release|Any CPU
		{A1B2C3D4-E5F6-7890-ABCD-EF1234567890}.Release|x64.ActiveCfg = Release|Any CPU
		{A1B2C3D4-E5F6-7890-ABCD-EF1234567890}.Release|x64.Build.0 = Release|Any CPU
		{A1B2C3D4-E5F6-7890-ABCD-EF1234567890}.Release|x86.ActiveCfg = Release|Any CPU
		{A1B2C3D4-E5F6-7890-ABCD-EF1234567890}.Release|x86.Build.0 = Release|Any CPU
		{F73B8058-C649-48E7-8DB6-769364AB55FE}.Debug|Any CPU.ActiveCfg = Debug|Any CPU
		{F73B8058-C649-48E7-8DB6-769364AB55FE}.Debug|Any CPU.Build.0 = Debug|Any CPU
		{F73B8058-C649-48E7-8DB6-769364AB55FE}.Debug|x64.ActiveCfg = Debug|Any CPU
		{F73B8058-C649-48E7-8DB6-769364AB55FE}.Debug|x64.Build.0 = Debug|Any CPU
		{F73B8058-C649-48E7-8DB6-769364AB55FE}.Debug|x86.ActiveCfg = Debug|Any CPU
		{F73B8058-C649-48E7-8DB6-769364AB55FE}.Debug|x86.Build.0 = Debug|Any CPU
		{F73B8058-C649-48E7-8DB6-769364AB55FE}.Release|Any CPU.ActiveCfg = Release|Any CPU
		{F73B8058-C649-48E7-8DB6-769364AB55FE}.Release|Any CPU.Build.0 = Release|Any CPU
		{F73B8058-C649-48E7-8DB6-769364AB55FE}.Release|x64.ActiveCfg = Release|Any CPU
		{F73B8058-C649-48E7-8DB6-769364AB55FE}.Release|x64.Build.0 = Release|Any CPU
		{F73B8058-C649-48E7-8DB6-769364AB55FE}.Release|x86.ActiveCfg = Release|Any CPU
		{F73B8058-C649-48E7-8DB6-769364AB55FE}.Release|x86.Build.0 = Release|Any CPU
		{7B80B405-3FAF-4930-AD4C-5E107990945C}.Debug|Any CPU.ActiveCfg = Debug|Any CPU
		{7B80B405-3FAF-4930-AD4C-5E107990945C}.Debug|Any CPU.Build.0 = Debug|Any CPU
		{7B80B405-3FAF-4930-AD4C-5E107990945C}.Debug|x64.ActiveCfg = Debug|Any CPU
		{7B80B405-3FAF-4930-AD4C-5E107990945C}.Debug|x64.Build.0 = Debug|Any CPU
		{7B80B405-3FAF-4930-AD4C-5E107990945C}.Debug|x86.ActiveCfg = Debug|Any CPU
		{7B80B405-3FAF-4930-AD4C-5E107990945C}.Debug|x86.Build.0 = Debug|Any CPU
		{7B80B405-3FAF-4930-AD4C-5E107990945C}.Release|Any CPU.ActiveCfg = Release|Any CPU
		{7B80B405-3FAF-4930-AD4C-5E107990945C}.Release|Any CPU.Build.0 = Release|Any CPU
		{7B80B405-3FAF-4930-AD4C-5E107990945C}.Release|x64.ActiveCfg = Release|Any CPU
		{7B80B405-3FAF-4930-AD4C-5E107990945C}.Release|x64.Build.0 = Release|Any CPU
		{7B80B405-3FAF-4930-AD4C-5E107990945C}.Release|x86.ActiveCfg = Release|Any CPU
		{7B80B405-3FAF-4930-AD4C-5E107990945C}.Release|x86.Build.0 = Release|Any CPU
		{6DC6EDAE-B08A-4F69-9FFA-1C1A6A01396B}.Debug|Any CPU.ActiveCfg = Debug|Any CPU
		{6DC6EDAE-B08A-4F69-9FFA-1C1A6A01396B}.Debug|Any CPU.Build.0 = Debug|Any CPU
		{6DC6EDAE-B08A-4F69-9FFA-1C1A6A01396B}.Debug|x64.ActiveCfg = Debug|Any CPU
		{6DC6EDAE-B08A-4F69-9FFA-1C1A6A01396B}.Debug|x64.Build.0 = Debug|Any CPU
		{6DC6EDAE-B08A-4F69-9FFA-1C1A6A01396B}.Debug|x86.ActiveCfg = Debug|Any CPU
		{6DC6EDAE-B08A-4F69-9FFA-1C1A6A01396B}.Debug|x86.Build.0 = Debug|Any CPU
		{6DC6EDAE-B08A-4F69-9FFA-1C1A6A01396B}.Release|Any CPU.ActiveCfg = Release|Any CPU
		{6DC6EDAE-B08A-4F69-9FFA-1C1A6A01396B}.Release|Any CPU.Build.0 = Release|Any CPU
		{6DC6EDAE-B08A-4F69-9FFA-1C1A6A01396B}.Release|x64.ActiveCfg = Release|Any CPU
		{6DC6EDAE-B08A-4F69-9FFA-1C1A6A01396B}.Release|x64.Build.0 = Release|Any CPU
		{6DC6EDAE-B08A-4F69-9FFA-1C1A6A01396B}.Release|x86.ActiveCfg = Release|Any CPU
		{6DC6EDAE-B08A-4F69-9FFA-1C1A6A01396B}.Release|x86.Build.0 = Release|Any CPU
		{0BEA3AAC-4A0F-459E-816A-6641B6F39F31}.Debug|Any CPU.ActiveCfg = Debug|Any CPU
		{0BEA3AAC-4A0F-459E-816A-6641B6F39F31}.Debug|Any CPU.Build.0 = Debug|Any CPU
		{0BEA3AAC-4A0F-459E-816A-6641B6F39F31}.Debug|x64.ActiveCfg = Debug|Any CPU
		{0BEA3AAC-4A0F-459E-816A-6641B6F39F31}.Debug|x64.Build.0 = Debug|Any CPU
		{0BEA3AAC-4A0F-459E-816A-6641B6F39F31}.Debug|x86.ActiveCfg = Debug|Any CPU
		{0BEA3AAC-4A0F-459E-816A-6641B6F39F31}.Debug|x86.Build.0 = Debug|Any CPU
		{0BEA3AAC-4A0F-459E-816A-6641B6F39F31}.Release|Any CPU.ActiveCfg = Release|Any CPU
		{0BEA3AAC-4A0F-459E-816A-6641B6F39F31}.Release|Any CPU.Build.0 = Release|Any CPU
		{0BEA3AAC-4A0F-459E-816A-6641B6F39F31}.Release|x64.ActiveCfg = Release|Any CPU
		{0BEA3AAC-4A0F-459E-816A-6641B6F39F31}.Release|x64.Build.0 = Release|Any CPU
		{0BEA3AAC-4A0F-459E-816A-6641B6F39F31}.Release|x86.ActiveCfg = Release|Any CPU
		{0BEA3AAC-4A0F-459E-816A-6641B6F39F31}.Release|x86.Build.0 = Release|Any CPU
		{6A9C1B62-8E2F-4B01-AE95-8E5A2E97F2D0}.Debug|Any CPU.ActiveCfg = Debug|Any CPU
		{6A9C1B62-8E2F-4B01-AE95-8E5A2E97F2D0}.Debug|Any CPU.Build.0 = Debug|Any CPU
		{6A9C1B62-8E2F-4B01-AE95-8E5A2E97F2D0}.Debug|x64.ActiveCfg = Debug|Any CPU
		{6A9C1B62-8E2F-4B01-AE95-8E5A2E97F2D0}.Debug|x64.Build.0 = Debug|Any CPU
		{6A9C1B62-8E2F-4B01-AE95-8E5A2E97F2D0}.Debug|x86.ActiveCfg = Debug|Any CPU
		{6A9C1B62-8E2F-4B01-AE95-8E5A2E97F2D0}.Debug|x86.Build.0 = Debug|Any CPU
		{6A9C1B62-8E2F-4B01-AE95-8E5A2E97F2D0}.Release|Any CPU.ActiveCfg = Release|Any CPU
		{6A9C1B62-8E2F-4B01-AE95-8E5A2E97F2D0}.Release|Any CPU.Build.0 = Release|Any CPU
		{6A9C1B62-8E2F-4B01-AE95-8E5A2E97F2D0}.Release|x64.ActiveCfg = Release|Any CPU
		{6A9C1B62-8E2F-4B01-AE95-8E5A2E97F2D0}.Release|x64.Build.0 = Release|Any CPU
		{6A9C1B62-8E2F-4B01-AE95-8E5A2E97F2D0}.Release|x86.ActiveCfg = Release|Any CPU
		{6A9C1B62-8E2F-4B01-AE95-8E5A2E97F2D0}.Release|x86.Build.0 = Release|Any CPU
		{7E6E0C55-9B43-4A90-8A8A-4D4E5C6F12A1}.Debug|Any CPU.ActiveCfg = Debug|Any CPU
		{7E6E0C55-9B43-4A90-8A8A-4D4E5C6F12A1}.Debug|Any CPU.Build.0 = Debug|Any CPU
		{7E6E0C55-9B43-4A90-8A8A-4D4E5C6F12A1}.Debug|x64.ActiveCfg = Debug|Any CPU
		{7E6E0C55-9B43-4A90-8A8A-4D4E5C6F12A1}.Debug|x64.Build.0 = Debug|Any CPU
		{7E6E0C55-9B43-4A90-8A8A-4D4E5C6F12A1}.Debug|x86.ActiveCfg = Debug|Any CPU
		{7E6E0C55-9B43-4A90-8A8A-4D4E5C6F12A1}.Debug|x86.Build.0 = Debug|Any CPU
		{7E6E0C55-9B43-4A90-8A8A-4D4E5C6F12A1}.Release|Any CPU.ActiveCfg = Release|Any CPU
		{7E6E0C55-9B43-4A90-8A8A-4D4E5C6F12A1}.Release|Any CPU.Build.0 = Release|Any CPU
		{7E6E0C55-9B43-4A90-8A8A-4D4E5C6F12A1}.Release|x64.ActiveCfg = Release|Any CPU
		{7E6E0C55-9B43-4A90-8A8A-4D4E5C6F12A1}.Release|x64.Build.0 = Release|Any CPU
		{7E6E0C55-9B43-4A90-8A8A-4D4E5C6F12A1}.Release|x86.ActiveCfg = Release|Any CPU
		{7E6E0C55-9B43-4A90-8A8A-4D4E5C6F12A1}.Release|x86.Build.0 = Release|Any CPU
		{2C5E2C42-2F64-4E31-9D37-3D6C4D3C2B77}.Debug|Any CPU.ActiveCfg = Debug|Any CPU
		{2C5E2C42-2F64-4E31-9D37-3D6C4D3C2B77}.Debug|Any CPU.Build.0 = Debug|Any CPU
		{2C5E2C42-2F64-4E31-9D37-3D6C4D3C2B77}.Debug|x64.ActiveCfg = Debug|Any CPU
		{2C5E2C42-2F64-4E31-9D37-3D6C4D3C2B77}.Debug|x64.Build.0 = Debug|Any CPU
		{2C5E2C42-2F64-4E31-9D37-3D6C4D3C2B77}.Debug|x86.ActiveCfg = Debug|Any CPU
		{2C5E2C42-2F64-4E31-9D37-3D6C4D3C2B77}.Debug|x86.Build.0 = Debug|Any CPU
		{2C5E2C42-2F64-4E31-9D37-3D6C4D3C2B77}.Release|Any CPU.ActiveCfg = Release|Any CPU
		{2C5E2C42-2F64-4E31-9D37-3D6C4D3C2B77}.Release|Any CPU.Build.0 = Release|Any CPU
		{2C5E2C42-2F64-4E31-9D37-3D6C4D3C2B77}.Release|x64.ActiveCfg = Release|Any CPU
		{2C5E2C42-2F64-4E31-9D37-3D6C4D3C2B77}.Release|x64.Build.0 = Release|Any CPU
		{2C5E2C42-2F64-4E31-9D37-3D6C4D3C2B77}.Release|x86.ActiveCfg = Release|Any CPU
		{2C5E2C42-2F64-4E31-9D37-3D6C4D3C2B77}.Release|x86.Build.0 = Release|Any CPU
		{666019D1-C169-4FEA-85FC-1268F174BC35}.Debug|Any CPU.ActiveCfg = Debug|Any CPU
		{666019D1-C169-4FEA-85FC-1268F174BC35}.Debug|Any CPU.Build.0 = Debug|Any CPU
		{666019D1-C169-4FEA-85FC-1268F174BC35}.Debug|x64.ActiveCfg = Debug|Any CPU
		{666019D1-C169-4FEA-85FC-1268F174BC35}.Debug|x64.Build.0 = Debug|Any CPU
		{666019D1-C169-4FEA-85FC-1268F174BC35}.Debug|x86.ActiveCfg = Debug|Any CPU
		{666019D1-C169-4FEA-85FC-1268F174BC35}.Debug|x86.Build.0 = Debug|Any CPU
		{666019D1-C169-4FEA-85FC-1268F174BC35}.Release|Any CPU.ActiveCfg = Release|Any CPU
		{666019D1-C169-4FEA-85FC-1268F174BC35}.Release|Any CPU.Build.0 = Release|Any CPU
		{666019D1-C169-4FEA-85FC-1268F174BC35}.Release|x64.ActiveCfg = Release|Any CPU
		{666019D1-C169-4FEA-85FC-1268F174BC35}.Release|x64.Build.0 = Release|Any CPU
		{666019D1-C169-4FEA-85FC-1268F174BC35}.Release|x86.ActiveCfg = Release|Any CPU
		{666019D1-C169-4FEA-85FC-1268F174BC35}.Release|x86.Build.0 = Release|Any CPU
	EndGlobalSection
	GlobalSection(SolutionProperties) = preSolution
		HideSolutionNode = FALSE
	EndGlobalSection
	GlobalSection(NestedProjects) = preSolution
		{537B2EBB-0E0A-458C-A794-22743E4B6E83} = {6E24A2A9-E2D0-4276-8997-E95A875C6523}
		{0365DDEE-ED9A-44FD-96AF-7BB835FB3ABD} = {6E24A2A9-E2D0-4276-8997-E95A875C6523}
	EndGlobalSection
	GlobalSection(ExtensibilityGlobals) = postSolution
		SolutionGuid = {3C2314AF-171D-468B-AA4F-195715E1CBEE}
	EndGlobalSection
EndGlobal
